
Microsoft Visual Studio Solution File, Format Version 12.00
# Visual Studio Version 16
VisualStudioVersion = 16.0.31025.194
MinimumVisualStudioVersion = 10.0.40219.1
Project("{9A19103F-16F7-4668-BE54-9A1E7A4F7556}") = "OMS", "OMS\OMS.csproj", "{0440E678-E84F-4F20-9078-3A200018E15B}"
EndProject
Project("{FAE04EC0-301F-11D3-BF4B-00C04F79EFBC}") = "OMSTest", "OMSTest\OMSTest.csproj", "{5CADF46E-BD80-4AB6-B90A-E7198E5BD7F9}"
EndProject
Global
	GlobalSection(SolutionConfigurationPlatforms) = preSolution
		Debug|Any CPU = Debug|Any CPU
		Release|Any CPU = Release|Any CPU
	EndGlobalSection
	GlobalSection(ProjectConfigurationPlatforms) = postSolution
		{0440E678-E84F-4F20-9078-3A200018E15B}.Debug|Any CPU.ActiveCfg = Debug|Any CPU
		{0440E678-E84F-4F20-9078-3A200018E15B}.Debug|Any CPU.Build.0 = Debug|Any CPU
		{0440E678-E84F-4F20-9078-3A200018E15B}.Release|Any CPU.ActiveCfg = Release|Any CPU
		{0440E678-E84F-4F20-9078-3A200018E15B}.Release|Any CPU.Build.0 = Release|Any CPU
		{5CADF46E-BD80-4AB6-B90A-E7198E5BD7F9}.Debug|Any CPU.ActiveCfg = Debug|Any CPU
		{5CADF46E-BD80-4AB6-B90A-E7198E5BD7F9}.Debug|Any CPU.Build.0 = Debug|Any CPU
		{5CADF46E-BD80-4AB6-B90A-E7198E5BD7F9}.Release|Any CPU.ActiveCfg = Release|Any CPU
		{5CADF46E-BD80-4AB6-B90A-E7198E5BD7F9}.Release|Any CPU.Build.0 = Release|Any CPU
	EndGlobalSection
	GlobalSection(SolutionProperties) = preSolution
		HideSolutionNode = FALSE
	EndGlobalSection
	GlobalSection(ExtensibilityGlobals) = postSolution
		SolutionGuid = {A0B4EA04-E364-4D2F-ADF0-0DEA5A02740E}
	EndGlobalSection
EndGlobal
